// !$*UTF8*$!
{
	archiveVersion = 1;
	classes = {
	};
	objectVersion = 56;
	objects = {

/* Begin PBXBuildFile section */
		BF1BAE1F2DB89A290045F028 /* AppDelegate.swift in Sources */ = {isa = PBXBuildFile; fileRef = BF1BAE1E2DB89A290045F028 /* AppDelegate.swift */; };
		BF1BAE212DB89A290045F028 /* SceneDelegate.swift in Sources */ = {isa = PBXBuildFile; fileRef = BF1BAE202DB89A290045F028 /* SceneDelegate.swift */; };
		BF1BAE232DB89A290045F028 /* ViewController.swift in Sources */ = {isa = PBXBuildFile; fileRef = BF1BAE222DB89A290045F028 /* ViewController.swift */; };
		BF1BAE262DB89A290045F028 /* Base in Resources */ = {isa = PBXBuildFile; fileRef = BF1BAE252DB89A290045F028 /* Base */; };
		BF1BAE282DB89A2A0045F028 /* Assets.xcassets in Resources */ = {isa = PBXBuildFile; fileRef = BF1BAE272DB89A2A0045F028 /* Assets.xcassets */; };
		BF1BAE2B2DB89A2A0045F028 /* Base in Resources */ = {isa = PBXBuildFile; fileRef = BF1BAE2A2DB89A2A0045F028 /* Base */; };
		BF1BAE362DB89A2B0045F028 /* testTests.swift in Sources */ = {isa = PBXBuildFile; fileRef = BF1BAE352DB89A2B0045F028 /* testTests.swift */; };
		BF1BAE402DB89A2B0045F028 /* testUITests.swift in Sources */ = {isa = PBXBuildFile; fileRef = BF1BAE3F2DB89A2B0045F028 /* testUITests.swift */; };
		BF1BAE422DB89A2B0045F028 /* testUITestsLaunchTests.swift in Sources */ = {isa = PBXBuildFile; fileRef = BF1BAE412DB89A2B0045F028 /* testUITestsLaunchTests.swift */; };
		BF1BAE4F2DB89A4D0045F028 /* PlayerView.swift in Sources */ = {isa = PBXBuildFile; fileRef = BF1BAE4E2DB89A4D0045F028 /* PlayerView.swift */; };
		BF1BAE512DB89A6C0045F028 /* PlayerView.xib in Resources */ = {isa = PBXBuildFile; fileRef = BF1BAE502DB89A6C0045F028 /* PlayerView.xib */; };
		BF1BAE532DB89B2F0045F028 /* UIViewExtension.swift in Sources */ = {isa = PBXBuildFile; fileRef = BF1BAE522DB89B2F0045F028 /* UIViewExtension.swift */; };
		BF1BAE592DB8C3150045F028 /* HistoryViewController.swift in Sources */ = {isa = PBXBuildFile; fileRef = BF1BAE582DB8C3150045F028 /* HistoryViewController.swift */; };
		BF1BAE5B2DB8C5280045F028 /* HistoryLog.swift in Sources */ = {isa = PBXBuildFile; fileRef = BF1BAE5A2DB8C5280045F028 /* HistoryLog.swift */; };
/* End PBXBuildFile section */

/* Begin PBXContainerItemProxy section */
		BF1BAE322DB89A2B0045F028 /* PBXContainerItemProxy */ = {
			isa = PBXContainerItemProxy;
			containerPortal = BF1BAE132DB89A290045F028 /* Project object */;
			proxyType = 1;
			remoteGlobalIDString = BF1BAE1A2DB89A290045F028;
			remoteInfo = test;
		};
		BF1BAE3C2DB89A2B0045F028 /* PBXContainerItemProxy */ = {
			isa = PBXContainerItemProxy;
			containerPortal = BF1BAE132DB89A290045F028 /* Project object */;
			proxyType = 1;
			remoteGlobalIDString = BF1BAE1A2DB89A290045F028;
			remoteInfo = test;
		};
/* End PBXContainerItemProxy section */

/* Begin PBXFileReference section */
		BF1BAE1B2DB89A290045F028 /* test.app */ = {isa = PBXFileReference; explicitFileType = wrapper.application; includeInIndex = 0; path = test.app; sourceTree = BUILT_PRODUCTS_DIR; };
		BF1BAE1E2DB89A290045F028 /* AppDelegate.swift */ = {isa = PBXFileReference; lastKnownFileType = sourcecode.swift; path = AppDelegate.swift; sourceTree = "<group>"; };
		BF1BAE202DB89A290045F028 /* SceneDelegate.swift */ = {isa = PBXFileReference; lastKnownFileType = sourcecode.swift; path = SceneDelegate.swift; sourceTree = "<group>"; };
		BF1BAE222DB89A290045F028 /* ViewController.swift */ = {isa = PBXFileReference; lastKnownFileType = sourcecode.swift; path = ViewController.swift; sourceTree = "<group>"; };
		BF1BAE252DB89A290045F028 /* Base */ = {isa = PBXFileReference; lastKnownFileType = file.storyboard; name = Base; path = Base.lproj/Main.storyboard; sourceTree = "<group>"; };
		BF1BAE272DB89A2A0045F028 /* Assets.xcassets */ = {isa = PBXFileReference; lastKnownFileType = folder.assetcatalog; path = Assets.xcassets; sourceTree = "<group>"; };
		BF1BAE2A2DB89A2A0045F028 /* Base */ = {isa = PBXFileReference; lastKnownFileType = file.storyboard; name = Base; path = Base.lproj/LaunchScreen.storyboard; sourceTree = "<group>"; };
		BF1BAE2C2DB89A2A0045F028 /* Info.plist */ = {isa = PBXFileReference; lastKnownFileType = text.plist.xml; path = Info.plist; sourceTree = "<group>"; };
		BF1BAE312DB89A2B0045F028 /* testTests.xctest */ = {isa = PBXFileReference; explicitFileType = wrapper.cfbundle; includeInIndex = 0; path = testTests.xctest; sourceTree = BUILT_PRODUCTS_DIR; };
		BF1BAE352DB89A2B0045F028 /* testTests.swift */ = {isa = PBXFileReference; lastKnownFileType = sourcecode.swift; path = testTests.swift; sourceTree = "<group>"; };
		BF1BAE3B2DB89A2B0045F028 /* testUITests.xctest */ = {isa = PBXFileReference; explicitFileType = wrapper.cfbundle; includeInIndex = 0; path = testUITests.xctest; sourceTree = BUILT_PRODUCTS_DIR; };
		BF1BAE3F2DB89A2B0045F028 /* testUITests.swift */ = {isa = PBXFileReference; lastKnownFileType = sourcecode.swift; path = testUITests.swift; sourceTree = "<group>"; };
		BF1BAE412DB89A2B0045F028 /* testUITestsLaunchTests.swift */ = {isa = PBXFileReference; lastKnownFileType = sourcecode.swift; path = testUITestsLaunchTests.swift; sourceTree = "<group>"; };
		BF1BAE4E2DB89A4D0045F028 /* PlayerView.swift */ = {isa = PBXFileReference; lastKnownFileType = sourcecode.swift; path = PlayerView.swift; sourceTree = "<group>"; };
		BF1BAE502DB89A6C0045F028 /* PlayerView.xib */ = {isa = PBXFileReference; lastKnownFileType = file.xib; path = PlayerView.xib; sourceTree = "<group>"; };
		BF1BAE522DB89B2F0045F028 /* UIViewExtension.swift */ = {isa = PBXFileReference; lastKnownFileType = sourcecode.swift; path = UIViewExtension.swift; sourceTree = "<group>"; };
		BF1BAE582DB8C3150045F028 /* HistoryViewController.swift */ = {isa = PBXFileReference; lastKnownFileType = sourcecode.swift; path = HistoryViewController.swift; sourceTree = "<group>"; };
		BF1BAE5A2DB8C5280045F028 /* HistoryLog.swift */ = {isa = PBXFileReference; lastKnownFileType = sourcecode.swift; path = HistoryLog.swift; sourceTree = "<group>"; };
/* End PBXFileReference section */

/* Begin PBXFrameworksBuildPhase section */
		BF1BAE182DB89A290045F028 /* Frameworks */ = {
			isa = PBXFrameworksBuildPhase;
			buildActionMask = 2147483647;
			files = (
			);
			runOnlyForDeploymentPostprocessing = 0;
		};
		BF1BAE2E2DB89A2B0045F028 /* Frameworks */ = {
			isa = PBXFrameworksBuildPhase;
			buildActionMask = 2147483647;
			files = (
			);
			runOnlyForDeploymentPostprocessing = 0;
		};
		BF1BAE382DB89A2B0045F028 /* Frameworks */ = {
			isa = PBXFrameworksBuildPhase;
			buildActionMask = 2147483647;
			files = (
			);
			runOnlyForDeploymentPostprocessing = 0;
		};
/* End PBXFrameworksBuildPhase section */

/* Begin PBXGroup section */
		BF1BAE122DB89A290045F028 = {
			isa = PBXGroup;
			children = (
				BF1BAE1D2DB89A290045F028 /* test */,
				BF1BAE342DB89A2B0045F028 /* testTests */,
				BF1BAE3E2DB89A2B0045F028 /* testUITests */,
				BF1BAE1C2DB89A290045F028 /* Products */,
			);
			sourceTree = "<group>";
		};
		BF1BAE1C2DB89A290045F028 /* Products */ = {
			isa = PBXGroup;
			children = (
				BF1BAE1B2DB89A290045F028 /* test.app */,
				BF1BAE312DB89A2B0045F028 /* testTests.xctest */,
				BF1BAE3B2DB89A2B0045F028 /* testUITests.xctest */,
			);
			name = Products;
			sourceTree = "<group>";
		};
		BF1BAE1D2DB89A290045F028 /* test */ = {
			isa = PBXGroup;
			children = (
				BF1BAE1E2DB89A290045F028 /* AppDelegate.swift */,
				BF1BAE202DB89A290045F028 /* SceneDelegate.swift */,
				BF1BAE222DB89A290045F028 /* ViewController.swift */,
				BF1BAE242DB89A290045F028 /* Main.storyboard */,
				BF1BAE272DB89A2A0045F028 /* Assets.xcassets */,
				BF1BAE292DB89A2A0045F028 /* LaunchScreen.storyboard */,
				BF1BAE2C2DB89A2A0045F028 /* Info.plist */,
				BF1BAE4E2DB89A4D0045F028 /* PlayerView.swift */,
				BF1BAE502DB89A6C0045F028 /* PlayerView.xib */,
				BF1BAE522DB89B2F0045F028 /* UIViewExtension.swift */,
				BF1BAE582DB8C3150045F028 /* HistoryViewController.swift */,
				BF1BAE5A2DB8C5280045F028 /* HistoryLog.swift */,
			);
			path = test;
			sourceTree = "<group>";
		};
		BF1BAE342DB89A2B0045F028 /* testTests */ = {
			isa = PBXGroup;
			children = (
				BF1BAE352DB89A2B0045F028 /* testTests.swift */,
			);
			path = testTests;
			sourceTree = "<group>";
		};
		BF1BAE3E2DB89A2B0045F028 /* testUITests */ = {
			isa = PBXGroup;
			children = (
				BF1BAE3F2DB89A2B0045F028 /* testUITests.swift */,
				BF1BAE412DB89A2B0045F028 /* testUITestsLaunchTests.swift */,
			);
			path = testUITests;
			sourceTree = "<group>";
		};
/* End PBXGroup section */

/* Begin PBXNativeTarget section */
		BF1BAE1A2DB89A290045F028 /* test */ = {
			isa = PBXNativeTarget;
			buildConfigurationList = BF1BAE452DB89A2B0045F028 /* Build configuration list for PBXNativeTarget "test" */;
			buildPhases = (
				BF1BAE172DB89A290045F028 /* Sources */,
				BF1BAE182DB89A290045F028 /* Frameworks */,
				BF1BAE192DB89A290045F028 /* Resources */,
			);
			buildRules = (
			);
			dependencies = (
			);
			name = test;
			productName = test;
			productReference = BF1BAE1B2DB89A290045F028 /* test.app */;
			productType = "com.apple.product-type.application";
		};
		BF1BAE302DB89A2B0045F028 /* testTests */ = {
			isa = PBXNativeTarget;
			buildConfigurationList = BF1BAE482DB89A2B0045F028 /* Build configuration list for PBXNativeTarget "testTests" */;
			buildPhases = (
				BF1BAE2D2DB89A2B0045F028 /* Sources */,
				BF1BAE2E2DB89A2B0045F028 /* Frameworks */,
				BF1BAE2F2DB89A2B0045F028 /* Resources */,
			);
			buildRules = (
			);
			dependencies = (
				BF1BAE332DB89A2B0045F028 /* PBXTargetDependency */,
			);
			name = testTests;
			productName = testTests;
			productReference = BF1BAE312DB89A2B0045F028 /* testTests.xctest */;
			productType = "com.apple.product-type.bundle.unit-test";
		};
		BF1BAE3A2DB89A2B0045F028 /* testUITests */ = {
			isa = PBXNativeTarget;
			buildConfigurationList = BF1BAE4B2DB89A2B0045F028 /* Build configuration list for PBXNativeTarget "testUITests" */;
			buildPhases = (
				BF1BAE372DB89A2B0045F028 /* Sources */,
				BF1BAE382DB89A2B0045F028 /* Frameworks */,
				BF1BAE392DB89A2B0045F028 /* Resources */,
			);
			buildRules = (
			);
			dependencies = (
				BF1BAE3D2DB89A2B0045F028 /* PBXTargetDependency */,
			);
			name = testUITests;
			productName = testUITests;
			productReference = BF1BAE3B2DB89A2B0045F028 /* testUITests.xctest */;
			productType = "com.apple.product-type.bundle.ui-testing";
		};
/* End PBXNativeTarget section */

/* Begin PBXProject section */
		BF1BAE132DB89A290045F028 /* Project object */ = {
			isa = PBXProject;
			attributes = {
				BuildIndependentTargetsInParallel = 1;
				LastSwiftUpdateCheck = 1540;
				LastUpgradeCheck = 1540;
				TargetAttributes = {
					BF1BAE1A2DB89A290045F028 = {
						CreatedOnToolsVersion = 15.4;
					};
					BF1BAE302DB89A2B0045F028 = {
						CreatedOnToolsVersion = 15.4;
						TestTargetID = BF1BAE1A2DB89A290045F028;
					};
					BF1BAE3A2DB89A2B0045F028 = {
						CreatedOnToolsVersion = 15.4;
						TestTargetID = BF1BAE1A2DB89A290045F028;
					};
				};
			};
			buildConfigurationList = BF1BAE162DB89A290045F028 /* Build configuration list for PBXProject "test" */;
			compatibilityVersion = "Xcode 14.0";
			developmentRegion = en;
			hasScannedForEncodings = 0;
			knownRegions = (
				en,
				Base,
			);
			mainGroup = BF1BAE122DB89A290045F028;
			productRefGroup = BF1BAE1C2DB89A290045F028 /* Products */;
			projectDirPath = "";
			projectRoot = "";
			targets = (
				BF1BAE1A2DB89A290045F028 /* test */,
				BF1BAE302DB89A2B0045F028 /* testTests */,
				BF1BAE3A2DB89A2B0045F028 /* testUITests */,
			);
		};
/* End PBXProject section */

/* Begin PBXResourcesBuildPhase section */
		BF1BAE192DB89A290045F028 /* Resources */ = {
			isa = PBXResourcesBuildPhase;
			buildActionMask = 2147483647;
			files = (
				BF1BAE282DB89A2A0045F028 /* Assets.xcassets in Resources */,
				BF1BAE2B2DB89A2A0045F028 /* Base in Resources */,
				BF1BAE262DB89A290045F028 /* Base in Resources */,
				BF1BAE512DB89A6C0045F028 /* PlayerView.xib in Resources */,
			);
			runOnlyForDeploymentPostprocessing = 0;
		};
		BF1BAE2F2DB89A2B0045F028 /* Resources */ = {
			isa = PBXResourcesBuildPhase;
			buildActionMask = 2147483647;
			files = (
			);
			runOnlyForDeploymentPostprocessing = 0;
		};
		BF1BAE392DB89A2B0045F028 /* Resources */ = {
			isa = PBXResourcesBuildPhase;
			buildActionMask = 2147483647;
			files = (
			);
			runOnlyForDeploymentPostprocessing = 0;
		};
/* End PBXResourcesBuildPhase section */

/* Begin PBXSourcesBuildPhase section */
		BF1BAE172DB89A290045F028 /* Sources */ = {
			isa = PBXSourcesBuildPhase;
			buildActionMask = 2147483647;
			files = (
				BF1BAE532DB89B2F0045F028 /* UIViewExtension.swift in Sources */,
				BF1BAE232DB89A290045F028 /* ViewController.swift in Sources */,
				BF1BAE1F2DB89A290045F028 /* AppDelegate.swift in Sources */,
				BF1BAE592DB8C3150045F028 /* HistoryViewController.swift in Sources */,
				BF1BAE5B2DB8C5280045F028 /* HistoryLog.swift in Sources */,
				BF1BAE212DB89A290045F028 /* SceneDelegate.swift in Sources */,
				BF1BAE4F2DB89A4D0045F028 /* PlayerView.swift in Sources */,
			);
			runOnlyForDeploymentPostprocessing = 0;
		};
		BF1BAE2D2DB89A2B0045F028 /* Sources */ = {
			isa = PBXSourcesBuildPhase;
			buildActionMask = 2147483647;
			files = (
				BF1BAE362DB89A2B0045F028 /* testTests.swift in Sources */,
			);
			runOnlyForDeploymentPostprocessing = 0;
		};
		BF1BAE372DB89A2B0045F028 /* Sources */ = {
			isa = PBXSourcesBuildPhase;
			buildActionMask = 2147483647;
			files = (
				BF1BAE422DB89A2B0045F028 /* testUITestsLaunchTests.swift in Sources */,
				BF1BAE402DB89A2B0045F028 /* testUITests.swift in Sources */,
			);
			runOnlyForDeploymentPostprocessing = 0;
		};
/* End PBXSourcesBuildPhase section */

/* Begin PBXTargetDependency section */
		BF1BAE332DB89A2B0045F028 /* PBXTargetDependency */ = {
			isa = PBXTargetDependency;
			target = BF1BAE1A2DB89A290045F028 /* test */;
			targetProxy = BF1BAE322DB89A2B0045F028 /* PBXContainerItemProxy */;
		};
		BF1BAE3D2DB89A2B0045F028 /* PBXTargetDependency */ = {
			isa = PBXTargetDependency;
			target = BF1BAE1A2DB89A290045F028 /* test */;
			targetProxy = BF1BAE3C2DB89A2B0045F028 /* PBXContainerItemProxy */;
		};
/* End PBXTargetDependency section */

/* Begin PBXVariantGroup section */
		BF1BAE242DB89A290045F028 /* Main.storyboard */ = {
			isa = PBXVariantGroup;
			children = (
				BF1BAE252DB89A290045F028 /* Base */,
			);
			name = Main.storyboard;
			sourceTree = "<group>";
		};
		BF1BAE292DB89A2A0045F028 /* LaunchScreen.storyboard */ = {
			isa = PBXVariantGroup;
			children = (
				BF1BAE2A2DB89A2A0045F028 /* Base */,
			);
			name = LaunchScreen.storyboard;
			sourceTree = "<group>";
		};
/* End PBXVariantGroup section */

/* Begin XCBuildConfiguration section */
		BF1BAE432DB89A2B0045F028 /* Debug */ = {
			isa = XCBuildConfiguration;
			buildSettings = {
				ALWAYS_SEARCH_USER_PATHS = NO;
				ASSETCATALOG_COMPILER_GENERATE_SWIFT_ASSET_SYMBOL_EXTENSIONS = YES;
				CLANG_ANALYZER_NONNULL = YES;
				CLANG_ANALYZER_NUMBER_OBJECT_CONVERSION = YES_AGGRESSIVE;
				CLANG_CXX_LANGUAGE_STANDARD = "gnu++20";
				CLANG_ENABLE_MODULES = YES;
				CLANG_ENABLE_OBJC_ARC = YES;
				CLANG_ENABLE_OBJC_WEAK = YES;
				CLANG_WARN_BLOCK_CAPTURE_AUTORELEASING = YES;
				CLANG_WARN_BOOL_CONVERSION = YES;
				CLANG_WARN_COMMA = YES;
				CLANG_WARN_CONSTANT_CONVERSION = YES;
				CLANG_WARN_DEPRECATED_OBJC_IMPLEMENTATIONS = YES;
				CLANG_WARN_DIRECT_OBJC_ISA_USAGE = YES_ERROR;
				CLANG_WARN_DOCUMENTATION_COMMENTS = YES;
				CLANG_WARN_EMPTY_BODY = YES;
				CLANG_WARN_ENUM_CONVERSION = YES;
				CLANG_WARN_INFINITE_RECURSION = YES;
				CLANG_WARN_INT_CONVERSION = YES;
				CLANG_WARN_NON_LITERAL_NULL_CONVERSION = YES;
				CLANG_WARN_OBJC_IMPLICIT_RETAIN_SELF = YES;
				CLANG_WARN_OBJC_LITERAL_CONVERSION = YES;
				CLANG_WARN_OBJC_ROOT_CLASS = YES_ERROR;
				CLANG_WARN_QUOTED_INCLUDE_IN_FRAMEWORK_HEADER = YES;
				CLANG_WARN_RANGE_LOOP_ANALYSIS = YES;
				CLANG_WARN_STRICT_PROTOTYPES = YES;
				CLANG_WARN_SUSPICIOUS_MOVE = YES;
				CLANG_WARN_UNGUARDED_AVAILABILITY = YES_AGGRESSIVE;
				CLANG_WARN_UNREACHABLE_CODE = YES;
				CLANG_WARN__DUPLICATE_METHOD_MATCH = YES;
				COPY_PHASE_STRIP = NO;
				DEBUG_INFORMATION_FORMAT = dwarf;
				ENABLE_STRICT_OBJC_MSGSEND = YES;
				ENABLE_TESTABILITY = YES;
				ENABLE_USER_SCRIPT_SANDBOXING = YES;
				GCC_C_LANGUAGE_STANDARD = gnu17;
				GCC_DYNAMIC_NO_PIC = NO;
				GCC_NO_COMMON_BLOCKS = YES;
				GCC_OPTIMIZATION_LEVEL = 0;
				GCC_PREPROCESSOR_DEFINITIONS = (
					"DEBUG=1",
					"$(inherited)",
				);
				GCC_WARN_64_TO_32_BIT_CONVERSION = YES;
				GCC_WARN_ABOUT_RETURN_TYPE = YES_ERROR;
				GCC_WARN_UNDECLARED_SELECTOR = YES;
				GCC_WARN_UNINITIALIZED_AUTOS = YES_AGGRESSIVE;
				GCC_WARN_UNUSED_FUNCTION = YES;
				GCC_WARN_UNUSED_VARIABLE = YES;
				IPHONEOS_DEPLOYMENT_TARGET = 17.5;
				LOCALIZATION_PREFERS_STRING_CATALOGS = YES;
				MTL_ENABLE_DEBUG_INFO = INCLUDE_SOURCE;
				MTL_FAST_MATH = YES;
				ONLY_ACTIVE_ARCH = YES;
				SDKROOT = iphoneos;
				SWIFT_ACTIVE_COMPILATION_CONDITIONS = "DEBUG $(inherited)";
				SWIFT_OPTIMIZATION_LEVEL = "-Onone";
			};
			name = Debug;
		};
		BF1BAE442DB89A2B0045F028 /* Release */ = {
			isa = XCBuildConfiguration;
			buildSettings = {
				ALWAYS_SEARCH_USER_PATHS = NO;
				ASSETCATALOG_COMPILER_GENERATE_SWIFT_ASSET_SYMBOL_EXTENSIONS = YES;
				CLANG_ANALYZER_NONNULL = YES;
				CLANG_ANALYZER_NUMBER_OBJECT_CONVERSION = YES_AGGRESSIVE;
				CLANG_CXX_LANGUAGE_STANDARD = "gnu++20";
				CLANG_ENABLE_MODULES = YES;
				CLANG_ENABLE_OBJC_ARC = YES;
				CLANG_ENABLE_OBJC_WEAK = YES;
				CLANG_WARN_BLOCK_CAPTURE_AUTORELEASING = YES;
				CLANG_WARN_BOOL_CONVERSION = YES;
				CLANG_WARN_COMMA = YES;
				CLANG_WARN_CONSTANT_CONVERSION = YES;
				CLANG_WARN_DEPRECATED_OBJC_IMPLEMENTATIONS = YES;
				CLANG_WARN_DIRECT_OBJC_ISA_USAGE = YES_ERROR;
				CLANG_WARN_DOCUMENTATION_COMMENTS = YES;
				CLANG_WARN_EMPTY_BODY = YES;
				CLANG_WARN_ENUM_CONVERSION = YES;
				CLANG_WARN_INFINITE_RECURSION = YES;
				CLANG_WARN_INT_CONVERSION = YES;
				CLANG_WARN_NON_LITERAL_NULL_CONVERSION = YES;
				CLANG_WARN_OBJC_IMPLICIT_RETAIN_SELF = YES;
				CLANG_WARN_OBJC_LITERAL_CONVERSION = YES;
				CLANG_WARN_OBJC_ROOT_CLASS = YES_ERROR;
				CLANG_WARN_QUOTED_INCLUDE_IN_FRAMEWORK_HEADER = YES;
				CLANG_WARN_RANGE_LOOP_ANALYSIS = YES;
				CLANG_WARN_STRICT_PROTOTYPES = YES;
				CLANG_WARN_SUSPICIOUS_MOVE = YES;
				CLANG_WARN_UNGUARDED_AVAILABILITY = YES_AGGRESSIVE;
				CLANG_WARN_UNREACHABLE_CODE = YES;
				CLANG_WARN__DUPLICATE_METHOD_MATCH = YES;
				COPY_PHASE_STRIP = NO;
				DEBUG_INFORMATION_FORMAT = "dwarf-with-dsym";
				ENABLE_NS_ASSERTIONS = NO;
				ENABLE_STRICT_OBJC_MSGSEND = YES;
				ENABLE_USER_SCRIPT_SANDBOXING = YES;
				GCC_C_LANGUAGE_STANDARD = gnu17;
				GCC_NO_COMMON_BLOCKS = YES;
				GCC_WARN_64_TO_32_BIT_CONVERSION = YES;
				GCC_WARN_ABOUT_RETURN_TYPE = YES_ERROR;
				GCC_WARN_UNDECLARED_SELECTOR = YES;
				GCC_WARN_UNINITIALIZED_AUTOS = YES_AGGRESSIVE;
				GCC_WARN_UNUSED_FUNCTION = YES;
				GCC_WARN_UNUSED_VARIABLE = YES;
				IPHONEOS_DEPLOYMENT_TARGET = 17.5;
				LOCALIZATION_PREFERS_STRING_CATALOGS = YES;
				MTL_ENABLE_DEBUG_INFO = NO;
				MTL_FAST_MATH = YES;
				SDKROOT = iphoneos;
				SWIFT_COMPILATION_MODE = wholemodule;
				VALIDATE_PRODUCT = YES;
			};
			name = Release;
		};
		BF1BAE462DB89A2B0045F028 /* Debug */ = {
			isa = XCBuildConfiguration;
			buildSettings = {
				ASSETCATALOG_COMPILER_APPICON_NAME = AppIcon;
				ASSETCATALOG_COMPILER_GLOBAL_ACCENT_COLOR_NAME = AccentColor;
				CODE_SIGN_STYLE = Automatic;
				CURRENT_PROJECT_VERSION = 1;
				GENERATE_INFOPLIST_FILE = YES;
				INFOPLIST_FILE = test/Info.plist;
				INFOPLIST_KEY_UIApplicationSupportsIndirectInputEvents = YES;
				INFOPLIST_KEY_UILaunchStoryboardName = LaunchScreen;
				INFOPLIST_KEY_UIMainStoryboardFile = Main;
				INFOPLIST_KEY_UISupportedInterfaceOrientations_iPad = "UIInterfaceOrientationPortrait UIInterfaceOrientationPortraitUpsideDown UIInterfaceOrientationLandscapeLeft UIInterfaceOrientationLandscapeRight";
				INFOPLIST_KEY_UISupportedInterfaceOrientations_iPhone = "UIInterfaceOrientationPortrait UIInterfaceOrientationLandscapeLeft UIInterfaceOrientationLandscapeRight";
				LD_RUNPATH_SEARCH_PATHS = (
					"$(inherited)",
					"@executable_path/Frameworks",
				);
				MARKETING_VERSION = 1.0;
				PRODUCT_BUNDLE_IDENTIFIER = edu.uw.ischool.awu8.test;
				PRODUCT_NAME = "$(TARGET_NAME)";
				SWIFT_EMIT_LOC_STRINGS = YES;
				SWIFT_VERSION = 5.0;
				TARGETED_DEVICE_FAMILY = "1,2";
			};
			name = Debug;
		};
		BF1BAE472DB89A2B0045F028 /* Release */ = {
			isa = XCBuildConfiguration;
			buildSettings = {
				ASSETCATALOG_COMPILER_APPICON_NAME = AppIcon;
				ASSETCATALOG_COMPILER_GLOBAL_ACCENT_COLOR_NAME = AccentColor;
				CODE_SIGN_STYLE = Automatic;
				CURRENT_PROJECT_VERSION = 1;
				GENERATE_INFOPLIST_FILE = YES;
				INFOPLIST_FILE = test/Info.plist;
				INFOPLIST_KEY_UIApplicationSupportsIndirectInputEvents = YES;
				INFOPLIST_KEY_UILaunchStoryboardName = LaunchScreen;
				INFOPLIST_KEY_UIMainStoryboardFile = Main;
				INFOPLIST_KEY_UISupportedInterfaceOrientations_iPad = "UIInterfaceOrientationPortrait UIInterfaceOrientationPortraitUpsideDown UIInterfaceOrientationLandscapeLeft UIInterfaceOrientationLandscapeRight";
				INFOPLIST_KEY_UISupportedInterfaceOrientations_iPhone = "UIInterfaceOrientationPortrait UIInterfaceOrientationLandscapeLeft UIInterfaceOrientationLandscapeRight";
				LD_RUNPATH_SEARCH_PATHS = (
					"$(inherited)",
					"@executable_path/Frameworks",
				);
				MARKETING_VERSION = 1.0;
				PRODUCT_BUNDLE_IDENTIFIER = edu.uw.ischool.awu8.test;
				PRODUCT_NAME = "$(TARGET_NAME)";
				SWIFT_EMIT_LOC_STRINGS = YES;
				SWIFT_VERSION = 5.0;
				TARGETED_DEVICE_FAMILY = "1,2";
			};
			name = Release;
		};
		BF1BAE492DB89A2B0045F028 /* Debug */ = {
			isa = XCBuildConfiguration;
			buildSettings = {
				ALWAYS_EMBED_SWIFT_STANDARD_LIBRARIES = YES;
				BUNDLE_LOADER = "$(TEST_HOST)";
				CODE_SIGN_STYLE = Automatic;
				CURRENT_PROJECT_VERSION = 1;
				GENERATE_INFOPLIST_FILE = YES;
				IPHONEOS_DEPLOYMENT_TARGET = 17.5;
				MARKETING_VERSION = 1.0;
				PRODUCT_BUNDLE_IDENTIFIER = edu.uw.ischool.awu8.testTests;
				PRODUCT_NAME = "$(TARGET_NAME)";
				SWIFT_EMIT_LOC_STRINGS = NO;
				SWIFT_VERSION = 5.0;
				TARGETED_DEVICE_FAMILY = "1,2";
				TEST_HOST = "$(BUILT_PRODUCTS_DIR)/test.app/$(BUNDLE_EXECUTABLE_FOLDER_PATH)/test";
			};
			name = Debug;
		};
		BF1BAE4A2DB89A2B0045F028 /* Release */ = {
			isa = XCBuildConfiguration;
			buildSettings = {
				ALWAYS_EMBED_SWIFT_STANDARD_LIBRARIES = YES;
				BUNDLE_LOADER = "$(TEST_HOST)";
				CODE_SIGN_STYLE = Automatic;
				CURRENT_PROJECT_VERSION = 1;
				GENERATE_INFOPLIST_FILE = YES;
				IPHONEOS_DEPLOYMENT_TARGET = 17.5;
				MARKETING_VERSION = 1.0;
				PRODUCT_BUNDLE_IDENTIFIER = edu.uw.ischool.awu8.testTests;
				PRODUCT_NAME = "$(TARGET_NAME)";
				SWIFT_EMIT_LOC_STRINGS = NO;
				SWIFT_VERSION = 5.0;
				TARGETED_DEVICE_FAMILY = "1,2";
				TEST_HOST = "$(BUILT_PRODUCTS_DIR)/test.app/$(BUNDLE_EXECUTABLE_FOLDER_PATH)/test";
			};
			name = Release;
		};
		BF1BAE4C2DB89A2B0045F028 /* Debug */ = {
			isa = XCBuildConfiguration;
			buildSettings = {
				ALWAYS_EMBED_SWIFT_STANDARD_LIBRARIES = YES;
				CODE_SIGN_STYLE = Automatic;
				CURRENT_PROJECT_VERSION = 1;
				GENERATE_INFOPLIST_FILE = YES;
				MARKETING_VERSION = 1.0;
				PRODUCT_BUNDLE_IDENTIFIER = edu.uw.ischool.awu8.testUITests;
				PRODUCT_NAME = "$(TARGET_NAME)";
				SWIFT_EMIT_LOC_STRINGS = NO;
				SWIFT_VERSION = 5.0;
				TARGETED_DEVICE_FAMILY = "1,2";
				TEST_TARGET_NAME = test;
			};
			name = Debug;
		};
		BF1BAE4D2DB89A2B0045F028 /* Release */ = {
			isa = XCBuildConfiguration;
			buildSettings = {
				ALWAYS_EMBED_SWIFT_STANDARD_LIBRARIES = YES;
				CODE_SIGN_STYLE = Automatic;
				CURRENT_PROJECT_VERSION = 1;
				GENERATE_INFOPLIST_FILE = YES;
				MARKETING_VERSION = 1.0;
				PRODUCT_BUNDLE_IDENTIFIER = edu.uw.ischool.awu8.testUITests;
				PRODUCT_NAME = "$(TARGET_NAME)";
				SWIFT_EMIT_LOC_STRINGS = NO;
				SWIFT_VERSION = 5.0;
				TARGETED_DEVICE_FAMILY = "1,2";
				TEST_TARGET_NAME = test;
			};
			name = Release;
		};
/* End XCBuildConfiguration section */

/* Begin XCConfigurationList section */
		BF1BAE162DB89A290045F028 /* Build configuration list for PBXProject "test" */ = {
			isa = XCConfigurationList;
			buildConfigurations = (
				BF1BAE432DB89A2B0045F028 /* Debug */,
				BF1BAE442DB89A2B0045F028 /* Release */,
			);
			defaultConfigurationIsVisible = 0;
			defaultConfigurationName = Release;
		};
		BF1BAE452DB89A2B0045F028 /* Build configuration list for PBXNativeTarget "test" */ = {
			isa = XCConfigurationList;
			buildConfigurations = (
				BF1BAE462DB89A2B0045F028 /* Debug */,
				BF1BAE472DB89A2B0045F028 /* Release */,
			);
			defaultConfigurationIsVisible = 0;
			defaultConfigurationName = Release;
		};
		BF1BAE482DB89A2B0045F028 /* Build configuration list for PBXNativeTarget "testTests" */ = {
			isa = XCConfigurationList;
			buildConfigurations = (
				BF1BAE492DB89A2B0045F028 /* Debug */,
				BF1BAE4A2DB89A2B0045F028 /* Release */,
			);
			defaultConfigurationIsVisible = 0;
			defaultConfigurationName = Release;
		};
		BF1BAE4B2DB89A2B0045F028 /* Build configuration list for PBXNativeTarget "testUITests" */ = {
			isa = XCConfigurationList;
			buildConfigurations = (
				BF1BAE4C2DB89A2B0045F028 /* Debug */,
				BF1BAE4D2DB89A2B0045F028 /* Release */,
			);
			defaultConfigurationIsVisible = 0;
			defaultConfigurationName = Release;
		};
/* End XCConfigurationList section */
	};
	rootObject = BF1BAE132DB89A290045F028 /* Project object */;
}
