// !$*UTF8*$!
{
	archiveVersion = 1;
	classes = {
	};
	objectVersion = 56;
	objects = {

/* Begin PBXBuildFile section */
		BF1BAE0B2DB78BE30045F028 /* PlayerView.swift in Sources */ = {isa = PBXBuildFile; fileRef = BF1BAE0A2DB78BE30045F028 /* PlayerView.swift */; };
		BFA4874D2DB731B9004BBA7F /* SecondViewController.swift in Sources */ = {isa = PBXBuildFile; fileRef = BFA4874C2DB731B9004BBA7F /* SecondViewController.swift */; };
		BFBCE2EE2DB09B9B004909DE /* AppDelegate.swift in Sources */ = {isa = PBXBuildFile; fileRef = BFBCE2ED2DB09B9B004909DE /* AppDelegate.swift */; };
		BFBCE2F02DB09B9B004909DE /* SceneDelegate.swift in Sources */ = {isa = PBXBuildFile; fileRef = BFBCE2EF2DB09B9B004909DE /* SceneDelegate.swift */; };
		BFBCE2F22DB09B9B004909DE /* ViewController.swift in Sources */ = {isa = PBXBuildFile; fileRef = BFBCE2F12DB09B9B004909DE /* ViewController.swift */; };
		BFBCE2F52DB09B9B004909DE /* Base in Resources */ = {isa = PBXBuildFile; fileRef = BFBCE2F42DB09B9B004909DE /* Base */; };
		BFBCE2F72DB09B9C004909DE /* Assets.xcassets in Resources */ = {isa = PBXBuildFile; fileRef = BFBCE2F62DB09B9C004909DE /* Assets.xcassets */; };
		BFBCE2FA2DB09B9C004909DE /* Base in Resources */ = {isa = PBXBuildFile; fileRef = BFBCE2F92DB09B9C004909DE /* Base */; };
		BFBCE3052DB09B9D004909DE /* lifecounterTests.swift in Sources */ = {isa = PBXBuildFile; fileRef = BFBCE3042DB09B9D004909DE /* lifecounterTests.swift */; };
		BFBCE30F2DB09B9D004909DE /* lifecounterUITests.swift in Sources */ = {isa = PBXBuildFile; fileRef = BFBCE30E2DB09B9D004909DE /* lifecounterUITests.swift */; };
		BFBCE3112DB09B9D004909DE /* lifecounterUITestsLaunchTests.swift in Sources */ = {isa = PBXBuildFile; fileRef = BFBCE3102DB09B9D004909DE /* lifecounterUITestsLaunchTests.swift */; };
/* End PBXBuildFile section */

/* Begin PBXContainerItemProxy section */
		BFBCE3012DB09B9D004909DE /* PBXContainerItemProxy */ = {
			isa = PBXContainerItemProxy;
			containerPortal = BFBCE2E22DB09B9B004909DE /* Project object */;
			proxyType = 1;
			remoteGlobalIDString = BFBCE2E92DB09B9B004909DE;
			remoteInfo = lifecounter;
		};
		BFBCE30B2DB09B9D004909DE /* PBXContainerItemProxy */ = {
			isa = PBXContainerItemProxy;
			containerPortal = BFBCE2E22DB09B9B004909DE /* Project object */;
			proxyType = 1;
			remoteGlobalIDString = BFBCE2E92DB09B9B004909DE;
			remoteInfo = lifecounter;
		};
/* End PBXContainerItemProxy section */

/* Begin PBXFileReference section */
		BF1BAE0A2DB78BE30045F028 /* PlayerView.swift */ = {isa = PBXFileReference; lastKnownFileType = sourcecode.swift; path = PlayerView.swift; sourceTree = "<group>"; };
		BFA4874C2DB731B9004BBA7F /* SecondViewController.swift */ = {isa = PBXFileReference; lastKnownFileType = sourcecode.swift; path = SecondViewController.swift; sourceTree = "<group>"; };
		BFBCE2EA2DB09B9B004909DE /* lifecounter.app */ = {isa = PBXFileReference; explicitFileType = wrapper.application; includeInIndex = 0; path = lifecounter.app; sourceTree = BUILT_PRODUCTS_DIR; };
		BFBCE2ED2DB09B9B004909DE /* AppDelegate.swift */ = {isa = PBXFileReference; lastKnownFileType = sourcecode.swift; path = AppDelegate.swift; sourceTree = "<group>"; };
		BFBCE2EF2DB09B9B004909DE /* SceneDelegate.swift */ = {isa = PBXFileReference; lastKnownFileType = sourcecode.swift; path = SceneDelegate.swift; sourceTree = "<group>"; };
		BFBCE2F12DB09B9B004909DE /* ViewController.swift */ = {isa = PBXFileReference; lastKnownFileType = sourcecode.swift; path = ViewController.swift; sourceTree = "<group>"; };
		BFBCE2F42DB09B9B004909DE /* Base */ = {isa = PBXFileReference; lastKnownFileType = file.storyboard; name = Base; path = Base.lproj/Main.storyboard; sourceTree = "<group>"; };
		BFBCE2F62DB09B9C004909DE /* Assets.xcassets */ = {isa = PBXFileReference; lastKnownFileType = folder.assetcatalog; path = Assets.xcassets; sourceTree = "<group>"; };
		BFBCE2F92DB09B9C004909DE /* Base */ = {isa = PBXFileReference; lastKnownFileType = file.storyboard; name = Base; path = Base.lproj/LaunchScreen.storyboard; sourceTree = "<group>"; };
		BFBCE2FB2DB09B9C004909DE /* Info.plist */ = {isa = PBXFileReference; lastKnownFileType = text.plist.xml; path = Info.plist; sourceTree = "<group>"; };
		BFBCE3002DB09B9D004909DE /* lifecounterTests.xctest */ = {isa = PBXFileReference; explicitFileType = wrapper.cfbundle; includeInIndex = 0; path = lifecounterTests.xctest; sourceTree = BUILT_PRODUCTS_DIR; };
		BFBCE3042DB09B9D004909DE /* lifecounterTests.swift */ = {isa = PBXFileReference; lastKnownFileType = sourcecode.swift; path = lifecounterTests.swift; sourceTree = "<group>"; };
		BFBCE30A2DB09B9D004909DE /* lifecounterUITests.xctest */ = {isa = PBXFileReference; explicitFileType = wrapper.cfbundle; includeInIndex = 0; path = lifecounterUITests.xctest; sourceTree = BUILT_PRODUCTS_DIR; };
		BFBCE30E2DB09B9D004909DE /* lifecounterUITests.swift */ = {isa = PBXFileReference; lastKnownFileType = sourcecode.swift; path = lifecounterUITests.swift; sourceTree = "<group>"; };
		BFBCE3102DB09B9D004909DE /* lifecounterUITestsLaunchTests.swift */ = {isa = PBXFileReference; lastKnownFileType = sourcecode.swift; path = lifecounterUITestsLaunchTests.swift; sourceTree = "<group>"; };
/* End PBXFileReference section */

/* Begin PBXFrameworksBuildPhase section */
		BFBCE2E72DB09B9B004909DE /* Frameworks */ = {
			isa = PBXFrameworksBuildPhase;
			buildActionMask = 2147483647;
			files = (
			);
			runOnlyForDeploymentPostprocessing = 0;
		};
		BFBCE2FD2DB09B9D004909DE /* Frameworks */ = {
			isa = PBXFrameworksBuildPhase;
			buildActionMask = 2147483647;
			files = (
			);
			runOnlyForDeploymentPostprocessing = 0;
		};
		BFBCE3072DB09B9D004909DE /* Frameworks */ = {
			isa = PBXFrameworksBuildPhase;
			buildActionMask = 2147483647;
			files = (
			);
			runOnlyForDeploymentPostprocessing = 0;
		};
/* End PBXFrameworksBuildPhase section */

/* Begin PBXGroup section */
		BFBCE2E12DB09B9B004909DE = {
			isa = PBXGroup;
			children = (
				BFBCE2EC2DB09B9B004909DE /* lifecounter */,
				BFBCE3032DB09B9D004909DE /* lifecounterTests */,
				BFBCE30D2DB09B9D004909DE /* lifecounterUITests */,
				BFBCE2EB2DB09B9B004909DE /* Products */,
			);
			sourceTree = "<group>";
		};
		BFBCE2EB2DB09B9B004909DE /* Products */ = {
			isa = PBXGroup;
			children = (
				BFBCE2EA2DB09B9B004909DE /* lifecounter.app */,
				BFBCE3002DB09B9D004909DE /* lifecounterTests.xctest */,
				BFBCE30A2DB09B9D004909DE /* lifecounterUITests.xctest */,
			);
			name = Products;
			sourceTree = "<group>";
		};
		BFBCE2EC2DB09B9B004909DE /* lifecounter */ = {
			isa = PBXGroup;
			children = (
				BFBCE2ED2DB09B9B004909DE /* AppDelegate.swift */,
				BFBCE2EF2DB09B9B004909DE /* SceneDelegate.swift */,
				BFBCE2F12DB09B9B004909DE /* ViewController.swift */,
				BFA4874C2DB731B9004BBA7F /* SecondViewController.swift */,
				BF1BAE0A2DB78BE30045F028 /* PlayerView.swift */,
				BFBCE2F32DB09B9B004909DE /* Main.storyboard */,
				BFBCE2F62DB09B9C004909DE /* Assets.xcassets */,
				BFBCE2F82DB09B9C004909DE /* LaunchScreen.storyboard */,
				BFBCE2FB2DB09B9C004909DE /* Info.plist */,
			);
			path = lifecounter;
			sourceTree = "<group>";
		};
		BFBCE3032DB09B9D004909DE /* lifecounterTests */ = {
			isa = PBXGroup;
			children = (
				BFBCE3042DB09B9D004909DE /* lifecounterTests.swift */,
			);
			path = lifecounterTests;
			sourceTree = "<group>";
		};
		BFBCE30D2DB09B9D004909DE /* lifecounterUITests */ = {
			isa = PBXGroup;
			children = (
				BFBCE30E2DB09B9D004909DE /* lifecounterUITests.swift */,
				BFBCE3102DB09B9D004909DE /* lifecounterUITestsLaunchTests.swift */,
			);
			path = lifecounterUITests;
			sourceTree = "<group>";
		};
/* End PBXGroup section */

/* Begin PBXNativeTarget section */
		BFBCE2E92DB09B9B004909DE /* lifecounter */ = {
			isa = PBXNativeTarget;
			buildConfigurationList = BFBCE3142DB09B9D004909DE /* Build configuration list for PBXNativeTarget "lifecounter" */;
			buildPhases = (
				BFBCE2E62DB09B9B004909DE /* Sources */,
				BFBCE2E72DB09B9B004909DE /* Frameworks */,
				BFBCE2E82DB09B9B004909DE /* Resources */,
			);
			buildRules = (
			);
			dependencies = (
			);
			name = lifecounter;
			productName = lifecounter;
			productReference = BFBCE2EA2DB09B9B004909DE /* lifecounter.app */;
			productType = "com.apple.product-type.application";
		};
		BFBCE2FF2DB09B9D004909DE /* lifecounterTests */ = {
			isa = PBXNativeTarget;
			buildConfigurationList = BFBCE3172DB09B9D004909DE /* Build configuration list for PBXNativeTarget "lifecounterTests" */;
			buildPhases = (
				BFBCE2FC2DB09B9D004909DE /* Sources */,
				BFBCE2FD2DB09B9D004909DE /* Frameworks */,
				BFBCE2FE2DB09B9D004909DE /* Resources */,
			);
			buildRules = (
			);
			dependencies = (
				BFBCE3022DB09B9D004909DE /* PBXTargetDependency */,
			);
			name = lifecounterTests;
			productName = lifecounterTests;
			productReference = BFBCE3002DB09B9D004909DE /* lifecounterTests.xctest */;
			productType = "com.apple.product-type.bundle.unit-test";
		};
		BFBCE3092DB09B9D004909DE /* lifecounterUITests */ = {
			isa = PBXNativeTarget;
			buildConfigurationList = BFBCE31A2DB09B9D004909DE /* Build configuration list for PBXNativeTarget "lifecounterUITests" */;
			buildPhases = (
				BFBCE3062DB09B9D004909DE /* Sources */,
				BFBCE3072DB09B9D004909DE /* Frameworks */,
				BFBCE3082DB09B9D004909DE /* Resources */,
			);
			buildRules = (
			);
			dependencies = (
				BFBCE30C2DB09B9D004909DE /* PBXTargetDependency */,
			);
			name = lifecounterUITests;
			productName = lifecounterUITests;
			productReference = BFBCE30A2DB09B9D004909DE /* lifecounterUITests.xctest */;
			productType = "com.apple.product-type.bundle.ui-testing";
		};
/* End PBXNativeTarget section */

/* Begin PBXProject section */
		BFBCE2E22DB09B9B004909DE /* Project object */ = {
			isa = PBXProject;
			attributes = {
				BuildIndependentTargetsInParallel = 1;
				LastSwiftUpdateCheck = 1540;
				LastUpgradeCheck = 1540;
				TargetAttributes = {
					BFBCE2E92DB09B9B004909DE = {
						CreatedOnToolsVersion = 15.4;
					};
					BFBCE2FF2DB09B9D004909DE = {
						CreatedOnToolsVersion = 15.4;
						TestTargetID = BFBCE2E92DB09B9B004909DE;
					};
					BFBCE3092DB09B9D004909DE = {
						CreatedOnToolsVersion = 15.4;
						TestTargetID = BFBCE2E92DB09B9B004909DE;
					};
				};
			};
			buildConfigurationList = BFBCE2E52DB09B9B004909DE /* Build configuration list for PBXProject "lifecounter" */;
			compatibilityVersion = "Xcode 14.0";
			developmentRegion = en;
			hasScannedForEncodings = 0;
			knownRegions = (
				en,
				Base,
			);
			mainGroup = BFBCE2E12DB09B9B004909DE;
			productRefGroup = BFBCE2EB2DB09B9B004909DE /* Products */;
			projectDirPath = "";
			projectRoot = "";
			targets = (
				BFBCE2E92DB09B9B004909DE /* lifecounter */,
				BFBCE2FF2DB09B9D004909DE /* lifecounterTests */,
				BFBCE3092DB09B9D004909DE /* lifecounterUITests */,
			);
		};
/* End PBXProject section */

/* Begin PBXResourcesBuildPhase section */
		BFBCE2E82DB09B9B004909DE /* Resources */ = {
			isa = PBXResourcesBuildPhase;
			buildActionMask = 2147483647;
			files = (
				BFBCE2F72DB09B9C004909DE /* Assets.xcassets in Resources */,
				BFBCE2FA2DB09B9C004909DE /* Base in Resources */,
				BFBCE2F52DB09B9B004909DE /* Base in Resources */,
			);
			runOnlyForDeploymentPostprocessing = 0;
		};
		BFBCE2FE2DB09B9D004909DE /* Resources */ = {
			isa = PBXResourcesBuildPhase;
			buildActionMask = 2147483647;
			files = (
			);
			runOnlyForDeploymentPostprocessing = 0;
		};
		BFBCE3082DB09B9D004909DE /* Resources */ = {
			isa = PBXResourcesBuildPhase;
			buildActionMask = 2147483647;
			files = (
			);
			runOnlyForDeploymentPostprocessing = 0;
		};
/* End PBXResourcesBuildPhase section */

/* Begin PBXSourcesBuildPhase section */
		BFBCE2E62DB09B9B004909DE /* Sources */ = {
			isa = PBXSourcesBuildPhase;
			buildActionMask = 2147483647;
			files = (
				BFA4874D2DB731B9004BBA7F /* SecondViewController.swift in Sources */,
				BFBCE2F22DB09B9B004909DE /* ViewController.swift in Sources */,
				BFBCE2EE2DB09B9B004909DE /* AppDelegate.swift in Sources */,
				BF1BAE0B2DB78BE30045F028 /* PlayerView.swift in Sources */,
				BFBCE2F02DB09B9B004909DE /* SceneDelegate.swift in Sources */,
			);
			runOnlyForDeploymentPostprocessing = 0;
		};
		BFBCE2FC2DB09B9D004909DE /* Sources */ = {
			isa = PBXSourcesBuildPhase;
			buildActionMask = 2147483647;
			files = (
				BFBCE3052DB09B9D004909DE /* lifecounterTests.swift in Sources */,
			);
			runOnlyForDeploymentPostprocessing = 0;
		};
		BFBCE3062DB09B9D004909DE /* Sources */ = {
			isa = PBXSourcesBuildPhase;
			buildActionMask = 2147483647;
			files = (
				BFBCE30F2DB09B9D004909DE /* lifecounterUITests.swift in Sources */,
				BFBCE3112DB09B9D004909DE /* lifecounterUITestsLaunchTests.swift in Sources */,
			);
			runOnlyForDeploymentPostprocessing = 0;
		};
/* End PBXSourcesBuildPhase section */

/* Begin PBXTargetDependency section */
		BFBCE3022DB09B9D004909DE /* PBXTargetDependency */ = {
			isa = PBXTargetDependency;
			target = BFBCE2E92DB09B9B004909DE /* lifecounter */;
			targetProxy = BFBCE3012DB09B9D004909DE /* PBXContainerItemProxy */;
		};
		BFBCE30C2DB09B9D004909DE /* PBXTargetDependency */ = {
			isa = PBXTargetDependency;
			target = BFBCE2E92DB09B9B004909DE /* lifecounter */;
			targetProxy = BFBCE30B2DB09B9D004909DE /* PBXContainerItemProxy */;
		};
/* End PBXTargetDependency section */

/* Begin PBXVariantGroup section */
		BFBCE2F32DB09B9B004909DE /* Main.storyboard */ = {
			isa = PBXVariantGroup;
			children = (
				BFBCE2F42DB09B9B004909DE /* Base */,
			);
			name = Main.storyboard;
			sourceTree = "<group>";
		};
		BFBCE2F82DB09B9C004909DE /* LaunchScreen.storyboard */ = {
			isa = PBXVariantGroup;
			children = (
				BFBCE2F92DB09B9C004909DE /* Base */,
			);
			name = LaunchScreen.storyboard;
			sourceTree = "<group>";
		};
/* End PBXVariantGroup section */

/* Begin XCBuildConfiguration section */
		BFBCE3122DB09B9D004909DE /* Debug */ = {
			isa = XCBuildConfiguration;
			buildSettings = {
				ALWAYS_SEARCH_USER_PATHS = NO;
				ASSETCATALOG_COMPILER_GENERATE_SWIFT_ASSET_SYMBOL_EXTENSIONS = YES;
				CLANG_ANALYZER_NONNULL = YES;
				CLANG_ANALYZER_NUMBER_OBJECT_CONVERSION = YES_AGGRESSIVE;
				CLANG_CXX_LANGUAGE_STANDARD = "gnu++20";
				CLANG_ENABLE_MODULES = YES;
				CLANG_ENABLE_OBJC_ARC = YES;
				CLANG_ENABLE_OBJC_WEAK = YES;
				CLANG_WARN_BLOCK_CAPTURE_AUTORELEASING = YES;
				CLANG_WARN_BOOL_CONVERSION = YES;
				CLANG_WARN_COMMA = YES;
				CLANG_WARN_CONSTANT_CONVERSION = YES;
				CLANG_WARN_DEPRECATED_OBJC_IMPLEMENTATIONS = YES;
				CLANG_WARN_DIRECT_OBJC_ISA_USAGE = YES_ERROR;
				CLANG_WARN_DOCUMENTATION_COMMENTS = YES;
				CLANG_WARN_EMPTY_BODY = YES;
				CLANG_WARN_ENUM_CONVERSION = YES;
				CLANG_WARN_INFINITE_RECURSION = YES;
				CLANG_WARN_INT_CONVERSION = YES;
				CLANG_WARN_NON_LITERAL_NULL_CONVERSION = YES;
				CLANG_WARN_OBJC_IMPLICIT_RETAIN_SELF = YES;
				CLANG_WARN_OBJC_LITERAL_CONVERSION = YES;
				CLANG_WARN_OBJC_ROOT_CLASS = YES_ERROR;
				CLANG_WARN_QUOTED_INCLUDE_IN_FRAMEWORK_HEADER = YES;
				CLANG_WARN_RANGE_LOOP_ANALYSIS = YES;
				CLANG_WARN_STRICT_PROTOTYPES = YES;
				CLANG_WARN_SUSPICIOUS_MOVE = YES;
				CLANG_WARN_UNGUARDED_AVAILABILITY = YES_AGGRESSIVE;
				CLANG_WARN_UNREACHABLE_CODE = YES;
				CLANG_WARN__DUPLICATE_METHOD_MATCH = YES;
				COPY_PHASE_STRIP = NO;
				DEBUG_INFORMATION_FORMAT = dwarf;
				ENABLE_STRICT_OBJC_MSGSEND = YES;
				ENABLE_TESTABILITY = YES;
				ENABLE_USER_SCRIPT_SANDBOXING = YES;
				GCC_C_LANGUAGE_STANDARD = gnu17;
				GCC_DYNAMIC_NO_PIC = NO;
				GCC_NO_COMMON_BLOCKS = YES;
				GCC_OPTIMIZATION_LEVEL = 0;
				GCC_PREPROCESSOR_DEFINITIONS = (
					"DEBUG=1",
					"$(inherited)",
				);
				GCC_WARN_64_TO_32_BIT_CONVERSION = YES;
				GCC_WARN_ABOUT_RETURN_TYPE = YES_ERROR;
				GCC_WARN_UNDECLARED_SELECTOR = YES;
				GCC_WARN_UNINITIALIZED_AUTOS = YES_AGGRESSIVE;
				GCC_WARN_UNUSED_FUNCTION = YES;
				GCC_WARN_UNUSED_VARIABLE = YES;
				IPHONEOS_DEPLOYMENT_TARGET = 17.5;
				LOCALIZATION_PREFERS_STRING_CATALOGS = YES;
				MTL_ENABLE_DEBUG_INFO = INCLUDE_SOURCE;
				MTL_FAST_MATH = YES;
				ONLY_ACTIVE_ARCH = YES;
				SDKROOT = iphoneos;
				SWIFT_ACTIVE_COMPILATION_CONDITIONS = "DEBUG $(inherited)";
				SWIFT_OPTIMIZATION_LEVEL = "-Onone";
			};
			name = Debug;
		};
		BFBCE3132DB09B9D004909DE /* Release */ = {
			isa = XCBuildConfiguration;
			buildSettings = {
				ALWAYS_SEARCH_USER_PATHS = NO;
				ASSETCATALOG_COMPILER_GENERATE_SWIFT_ASSET_SYMBOL_EXTENSIONS = YES;
				CLANG_ANALYZER_NONNULL = YES;
				CLANG_ANALYZER_NUMBER_OBJECT_CONVERSION = YES_AGGRESSIVE;
				CLANG_CXX_LANGUAGE_STANDARD = "gnu++20";
				CLANG_ENABLE_MODULES = YES;
				CLANG_ENABLE_OBJC_ARC = YES;
				CLANG_ENABLE_OBJC_WEAK = YES;
				CLANG_WARN_BLOCK_CAPTURE_AUTORELEASING = YES;
				CLANG_WARN_BOOL_CONVERSION = YES;
				CLANG_WARN_COMMA = YES;
				CLANG_WARN_CONSTANT_CONVERSION = YES;
				CLANG_WARN_DEPRECATED_OBJC_IMPLEMENTATIONS = YES;
				CLANG_WARN_DIRECT_OBJC_ISA_USAGE = YES_ERROR;
				CLANG_WARN_DOCUMENTATION_COMMENTS = YES;
				CLANG_WARN_EMPTY_BODY = YES;
				CLANG_WARN_ENUM_CONVERSION = YES;
				CLANG_WARN_INFINITE_RECURSION = YES;
				CLANG_WARN_INT_CONVERSION = YES;
				CLANG_WARN_NON_LITERAL_NULL_CONVERSION = YES;
				CLANG_WARN_OBJC_IMPLICIT_RETAIN_SELF = YES;
				CLANG_WARN_OBJC_LITERAL_CONVERSION = YES;
				CLANG_WARN_OBJC_ROOT_CLASS = YES_ERROR;
				CLANG_WARN_QUOTED_INCLUDE_IN_FRAMEWORK_HEADER = YES;
				CLANG_WARN_RANGE_LOOP_ANALYSIS = YES;
				CLANG_WARN_STRICT_PROTOTYPES = YES;
				CLANG_WARN_SUSPICIOUS_MOVE = YES;
				CLANG_WARN_UNGUARDED_AVAILABILITY = YES_AGGRESSIVE;
				CLANG_WARN_UNREACHABLE_CODE = YES;
				CLANG_WARN__DUPLICATE_METHOD_MATCH = YES;
				COPY_PHASE_STRIP = NO;
				DEBUG_INFORMATION_FORMAT = "dwarf-with-dsym";
				ENABLE_NS_ASSERTIONS = NO;
				ENABLE_STRICT_OBJC_MSGSEND = YES;
				ENABLE_USER_SCRIPT_SANDBOXING = YES;
				GCC_C_LANGUAGE_STANDARD = gnu17;
				GCC_NO_COMMON_BLOCKS = YES;
				GCC_WARN_64_TO_32_BIT_CONVERSION = YES;
				GCC_WARN_ABOUT_RETURN_TYPE = YES_ERROR;
				GCC_WARN_UNDECLARED_SELECTOR = YES;
				GCC_WARN_UNINITIALIZED_AUTOS = YES_AGGRESSIVE;
				GCC_WARN_UNUSED_FUNCTION = YES;
				GCC_WARN_UNUSED_VARIABLE = YES;
				IPHONEOS_DEPLOYMENT_TARGET = 17.5;
				LOCALIZATION_PREFERS_STRING_CATALOGS = YES;
				MTL_ENABLE_DEBUG_INFO = NO;
				MTL_FAST_MATH = YES;
				SDKROOT = iphoneos;
				SWIFT_COMPILATION_MODE = wholemodule;
				VALIDATE_PRODUCT = YES;
			};
			name = Release;
		};
		BFBCE3152DB09B9D004909DE /* Debug */ = {
			isa = XCBuildConfiguration;
			buildSettings = {
				ASSETCATALOG_COMPILER_APPICON_NAME = AppIcon;
				ASSETCATALOG_COMPILER_GLOBAL_ACCENT_COLOR_NAME = AccentColor;
				CODE_SIGN_STYLE = Automatic;
				CURRENT_PROJECT_VERSION = 1;
				GENERATE_INFOPLIST_FILE = YES;
				INFOPLIST_FILE = lifecounter/Info.plist;
				INFOPLIST_KEY_UIApplicationSupportsIndirectInputEvents = YES;
				INFOPLIST_KEY_UILaunchStoryboardName = LaunchScreen;
				INFOPLIST_KEY_UIMainStoryboardFile = Main;
				INFOPLIST_KEY_UISupportedInterfaceOrientations_iPad = "UIInterfaceOrientationPortrait UIInterfaceOrientationPortraitUpsideDown UIInterfaceOrientationLandscapeLeft UIInterfaceOrientationLandscapeRight";
				INFOPLIST_KEY_UISupportedInterfaceOrientations_iPhone = "UIInterfaceOrientationPortrait UIInterfaceOrientationLandscapeLeft UIInterfaceOrientationLandscapeRight";
				LD_RUNPATH_SEARCH_PATHS = (
					"$(inherited)",
					"@executable_path/Frameworks",
				);
				MARKETING_VERSION = 1.0;
				PRODUCT_BUNDLE_IDENTIFIER = edu.uw.ischool.awu8.lifecounter;
				PRODUCT_NAME = "$(TARGET_NAME)";
				SWIFT_EMIT_LOC_STRINGS = YES;
				SWIFT_VERSION = 5.0;
				TARGETED_DEVICE_FAMILY = "1,2";
			};
			name = Debug;
		};
		BFBCE3162DB09B9D004909DE /* Release */ = {
			isa = XCBuildConfiguration;
			buildSettings = {
				ASSETCATALOG_COMPILER_APPICON_NAME = AppIcon;
				ASSETCATALOG_COMPILER_GLOBAL_ACCENT_COLOR_NAME = AccentColor;
				CODE_SIGN_STYLE = Automatic;
				CURRENT_PROJECT_VERSION = 1;
				GENERATE_INFOPLIST_FILE = YES;
				INFOPLIST_FILE = lifecounter/Info.plist;
				INFOPLIST_KEY_UIApplicationSupportsIndirectInputEvents = YES;
				INFOPLIST_KEY_UILaunchStoryboardName = LaunchScreen;
				INFOPLIST_KEY_UIMainStoryboardFile = Main;
				INFOPLIST_KEY_UISupportedInterfaceOrientations_iPad = "UIInterfaceOrientationPortrait UIInterfaceOrientationPortraitUpsideDown UIInterfaceOrientationLandscapeLeft UIInterfaceOrientationLandscapeRight";
				INFOPLIST_KEY_UISupportedInterfaceOrientations_iPhone = "UIInterfaceOrientationPortrait UIInterfaceOrientationLandscapeLeft UIInterfaceOrientationLandscapeRight";
				LD_RUNPATH_SEARCH_PATHS = (
					"$(inherited)",
					"@executable_path/Frameworks",
				);
				MARKETING_VERSION = 1.0;
				PRODUCT_BUNDLE_IDENTIFIER = edu.uw.ischool.awu8.lifecounter;
				PRODUCT_NAME = "$(TARGET_NAME)";
				SWIFT_EMIT_LOC_STRINGS = YES;
				SWIFT_VERSION = 5.0;
				TARGETED_DEVICE_FAMILY = "1,2";
			};
			name = Release;
		};
		BFBCE3182DB09B9D004909DE /* Debug */ = {
			isa = XCBuildConfiguration;
			buildSettings = {
				ALWAYS_EMBED_SWIFT_STANDARD_LIBRARIES = YES;
				BUNDLE_LOADER = "$(TEST_HOST)";
				CODE_SIGN_STYLE = Automatic;
				CURRENT_PROJECT_VERSION = 1;
				GENERATE_INFOPLIST_FILE = YES;
				IPHONEOS_DEPLOYMENT_TARGET = 17.5;
				MARKETING_VERSION = 1.0;
				PRODUCT_BUNDLE_IDENTIFIER = edu.uw.ischool.awu8.lifecounterTests;
				PRODUCT_NAME = "$(TARGET_NAME)";
				SWIFT_EMIT_LOC_STRINGS = NO;
				SWIFT_VERSION = 5.0;
				TARGETED_DEVICE_FAMILY = "1,2";
				TEST_HOST = "$(BUILT_PRODUCTS_DIR)/lifecounter.app/$(BUNDLE_EXECUTABLE_FOLDER_PATH)/lifecounter";
			};
			name = Debug;
		};
		BFBCE3192DB09B9D004909DE /* Release */ = {
			isa = XCBuildConfiguration;
			buildSettings = {
				ALWAYS_EMBED_SWIFT_STANDARD_LIBRARIES = YES;
				BUNDLE_LOADER = "$(TEST_HOST)";
				CODE_SIGN_STYLE = Automatic;
				CURRENT_PROJECT_VERSION = 1;
				GENERATE_INFOPLIST_FILE = YES;
				IPHONEOS_DEPLOYMENT_TARGET = 17.5;
				MARKETING_VERSION = 1.0;
				PRODUCT_BUNDLE_IDENTIFIER = edu.uw.ischool.awu8.lifecounterTests;
				PRODUCT_NAME = "$(TARGET_NAME)";
				SWIFT_EMIT_LOC_STRINGS = NO;
				SWIFT_VERSION = 5.0;
				TARGETED_DEVICE_FAMILY = "1,2";
				TEST_HOST = "$(BUILT_PRODUCTS_DIR)/lifecounter.app/$(BUNDLE_EXECUTABLE_FOLDER_PATH)/lifecounter";
			};
			name = Release;
		};
		BFBCE31B2DB09B9D004909DE /* Debug */ = {
			isa = XCBuildConfiguration;
			buildSettings = {
				ALWAYS_EMBED_SWIFT_STANDARD_LIBRARIES = YES;
				CODE_SIGN_STYLE = Automatic;
				CURRENT_PROJECT_VERSION = 1;
				GENERATE_INFOPLIST_FILE = YES;
				MARKETING_VERSION = 1.0;
				PRODUCT_BUNDLE_IDENTIFIER = edu.uw.ischool.awu8.lifecounterUITests;
				PRODUCT_NAME = "$(TARGET_NAME)";
				SWIFT_EMIT_LOC_STRINGS = NO;
				SWIFT_VERSION = 5.0;
				TARGETED_DEVICE_FAMILY = "1,2";
				TEST_TARGET_NAME = lifecounter;
			};
			name = Debug;
		};
		BFBCE31C2DB09B9D004909DE /* Release */ = {
			isa = XCBuildConfiguration;
			buildSettings = {
				ALWAYS_EMBED_SWIFT_STANDARD_LIBRARIES = YES;
				CODE_SIGN_STYLE = Automatic;
				CURRENT_PROJECT_VERSION = 1;
				GENERATE_INFOPLIST_FILE = YES;
				MARKETING_VERSION = 1.0;
				PRODUCT_BUNDLE_IDENTIFIER = edu.uw.ischool.awu8.lifecounterUITests;
				PRODUCT_NAME = "$(TARGET_NAME)";
				SWIFT_EMIT_LOC_STRINGS = NO;
				SWIFT_VERSION = 5.0;
				TARGETED_DEVICE_FAMILY = "1,2";
				TEST_TARGET_NAME = lifecounter;
			};
			name = Release;
		};
/* End XCBuildConfiguration section */

/* Begin XCConfigurationList section */
		BFBCE2E52DB09B9B004909DE /* Build configuration list for PBXProject "lifecounter" */ = {
			isa = XCConfigurationList;
			buildConfigurations = (
				BFBCE3122DB09B9D004909DE /* Debug */,
				BFBCE3132DB09B9D004909DE /* Release */,
			);
			defaultConfigurationIsVisible = 0;
			defaultConfigurationName = Release;
		};
		BFBCE3142DB09B9D004909DE /* Build configuration list for PBXNativeTarget "lifecounter" */ = {
			isa = XCConfigurationList;
			buildConfigurations = (
				BFBCE3152DB09B9D004909DE /* Debug */,
				BFBCE3162DB09B9D004909DE /* Release */,
			);
			defaultConfigurationIsVisible = 0;
			defaultConfigurationName = Release;
		};
		BFBCE3172DB09B9D004909DE /* Build configuration list for PBXNativeTarget "lifecounterTests" */ = {
			isa = XCConfigurationList;
			buildConfigurations = (
				BFBCE3182DB09B9D004909DE /* Debug */,
				BFBCE3192DB09B9D004909DE /* Release */,
			);
			defaultConfigurationIsVisible = 0;
			defaultConfigurationName = Release;
		};
		BFBCE31A2DB09B9D004909DE /* Build configuration list for PBXNativeTarget "lifecounterUITests" */ = {
			isa = XCConfigurationList;
			buildConfigurations = (
				BFBCE31B2DB09B9D004909DE /* Debug */,
				BFBCE31C2DB09B9D004909DE /* Release */,
			);
			defaultConfigurationIsVisible = 0;
			defaultConfigurationName = Release;
		};
/* End XCConfigurationList section */
	};
	rootObject = BFBCE2E22DB09B9B004909DE /* Project object */;
}
